# This file is automatically @generated by Poetry 1.8.3 and should not be changed by hand.

[[package]]
name = "lesson"
version = "0.0.1"
description = "A tool for conducting coding lessons"
optional = false
python-versions = "*"
files = [
    {file = "lesson-0.0.1-py3-none-any.whl", hash = "sha256:6c8820befac3026b06fe1a9b374b678fa9bf4a1d7a054e66bebf60848d7f3d66"},
    {file = "lesson-0.0.1.tar.gz", hash = "sha256:1e62fac08c4f9267874b501a124e5db3252edf8cd959cefa2d31bcf282588e92"},
]

[metadata]
lock-version = "2.0"
python-versions = "^3.12"
content-hash = "b8839dce2d3ad2f016f62c67e2a55fb44615b513c7f8269461697e9f39873f32"
